
Microsoft Visual Studio Solution File, Format Version 12.00
# Visual Studio Version 17
VisualStudioVersion = 17.4.33213.308
MinimumVisualStudioVersion = 10.0.40219.1
Project("{FAE04EC0-301F-11D3-BF4B-00C04F79EFBC}") = "lab_6_osn_prog", "lab_6_osn_prog\lab_6_osn_prog.csproj", "{3BEF85A8-B0F1-4825-A27D-0B9DF949CB58}"
EndProject
Global
	GlobalSection(SolutionConfigurationPlatforms) = preSolution
		Debug|Any CPU = Debug|Any CPU
		Release|Any CPU = Release|Any CPU
	EndGlobalSection
	GlobalSection(ProjectConfigurationPlatforms) = postSolution
		{3BEF85A8-B0F1-4825-A27D-0B9DF949CB58}.Debug|Any CPU.ActiveCfg = Debug|Any CPU
		{3BEF85A8-B0F1-4825-A27D-0B9DF949CB58}.Debug|Any CPU.Build.0 = Debug|Any CPU
		{3BEF85A8-B0F1-4825-A27D-0B9DF949CB58}.Release|Any CPU.ActiveCfg = Release|Any CPU
		{3BEF85A8-B0F1-4825-A27D-0B9DF949CB58}.Release|Any CPU.Build.0 = Release|Any CPU
	EndGlobalSection
	GlobalSection(SolutionProperties) = preSolution
		HideSolutionNode = FALSE
	EndGlobalSection
	GlobalSection(ExtensibilityGlobals) = postSolution
		SolutionGuid = {4517D9B4-A246-4355-BA1C-511E9E73B2DE}
	EndGlobalSection
EndGlobal
